
Microsoft Visual Studio Solution File, Format Version 12.00
# Visual Studio Version 17
VisualStudioVersion = 17.10.35013.160
MinimumVisualStudioVersion = 10.0.40219.1
Project("{FAE04EC0-301F-11D3-BF4B-00C04F79EFBC}") = "CatchAllApi.WebApi", "CatchAllApi.WebApi\CatchAllApi.WebApi.csproj", "{C58C97F2-FAC4-458D-9148-E9981689BBB7}"
EndProject
Global
	GlobalSection(SolutionConfigurationPlatforms) = preSolution
		Debug|Any CPU = Debug|Any CPU
		Release|Any CPU = Release|Any CPU
	EndGlobalSection
	GlobalSection(ProjectConfigurationPlatforms) = postSolution
		{C58C97F2-FAC4-458D-9148-E9981689BBB7}.Debug|Any CPU.ActiveCfg = Debug|Any CPU
		{C58C97F2-FAC4-458D-9148-E9981689BBB7}.Debug|Any CPU.Build.0 = Debug|Any CPU
		{C58C97F2-FAC4-458D-9148-E9981689BBB7}.Release|Any CPU.ActiveCfg = Release|Any CPU
		{C58C97F2-FAC4-458D-9148-E9981689BBB7}.Release|Any CPU.Build.0 = Release|Any CPU
	EndGlobalSection
	GlobalSection(SolutionProperties) = preSolution
		HideSolutionNode = FALSE
	EndGlobalSection
	GlobalSection(ExtensibilityGlobals) = postSolution
		SolutionGuid = {E6FD9510-895B-4DA5-BE3D-7690FDB2DB4A}
	EndGlobalSection
EndGlobal
